# This file is automatically @generated by Cargo.
# It is not intended for manual editing.
version = 3

[[package]]
name = "calculator"
version = "0.1.0"
dependencies = [
 "trig_lib",
]

[[package]]
name = "trig_lib"
version = "0.1.0"
source = "git+https://github.com/Tochiko/trig_lib.git#c401b4903e1f7ad5f668bd7de6d117c69811259a"
